
Microsoft Visual Studio Solution File, Format Version 12.00
# Visual Studio Version 16
VisualStudioVersion = 16.0.31624.102
MinimumVisualStudioVersion = 10.0.40219.1
Project("{FAE04EC0-301F-11D3-BF4B-00C04F79EFBC}") = "guia2", "guia2\guia2.csproj", "{AF1E084C-10DC-46C5-AB50-3243F55F5BFE}"
EndProject
Global
	GlobalSection(SolutionConfigurationPlatforms) = preSolution
		Debug|Any CPU = Debug|Any CPU
		Release|Any CPU = Release|Any CPU
	EndGlobalSection
	GlobalSection(ProjectConfigurationPlatforms) = postSolution
		{AF1E084C-10DC-46C5-AB50-3243F55F5BFE}.Debug|Any CPU.ActiveCfg = Debug|Any CPU
		{AF1E084C-10DC-46C5-AB50-3243F55F5BFE}.Debug|Any CPU.Build.0 = Debug|Any CPU
		{AF1E084C-10DC-46C5-AB50-3243F55F5BFE}.Release|Any CPU.ActiveCfg = Release|Any CPU
		{AF1E084C-10DC-46C5-AB50-3243F55F5BFE}.Release|Any CPU.Build.0 = Release|Any CPU
	EndGlobalSection
	GlobalSection(SolutionProperties) = preSolution
		HideSolutionNode = FALSE
	EndGlobalSection
	GlobalSection(ExtensibilityGlobals) = postSolution
		SolutionGuid = {AFEB3321-A501-4569-B422-896F7F7D9C02}
	EndGlobalSection
EndGlobal
