
Microsoft Visual Studio Solution File, Format Version 12.00
# Visual Studio Version 16
VisualStudioVersion = 16.0.31624.102
MinimumVisualStudioVersion = 10.0.40219.1
Project("{FAE04EC0-301F-11D3-BF4B-00C04F79EFBC}") = "guia3funciones", "guia3funciones\guia3funciones.csproj", "{E48D3CD2-4998-47CE-9797-61688BE7D0DD}"
EndProject
Global
	GlobalSection(SolutionConfigurationPlatforms) = preSolution
		Debug|Any CPU = Debug|Any CPU
		Release|Any CPU = Release|Any CPU
	EndGlobalSection
	GlobalSection(ProjectConfigurationPlatforms) = postSolution
		{E48D3CD2-4998-47CE-9797-61688BE7D0DD}.Debug|Any CPU.ActiveCfg = Debug|Any CPU
		{E48D3CD2-4998-47CE-9797-61688BE7D0DD}.Debug|Any CPU.Build.0 = Debug|Any CPU
		{E48D3CD2-4998-47CE-9797-61688BE7D0DD}.Release|Any CPU.ActiveCfg = Release|Any CPU
		{E48D3CD2-4998-47CE-9797-61688BE7D0DD}.Release|Any CPU.Build.0 = Release|Any CPU
	EndGlobalSection
	GlobalSection(SolutionProperties) = preSolution
		HideSolutionNode = FALSE
	EndGlobalSection
	GlobalSection(ExtensibilityGlobals) = postSolution
		SolutionGuid = {5F19E4D1-1BD5-44AD-A3FD-CD6959B8B030}
	EndGlobalSection
EndGlobal
